// !$*UTF8*$!
{
	archiveVersion = 1;
	classes = {
	};
	objectVersion = 46;
	objects = {

/* Begin PBXBuildFile section */
		82E9326A1A8D9F77005064CA /* main.cpp in Sources */ = {isa = PBXBuildFile; fileRef = 82E932691A8D9F77005064CA /* main.cpp */; };
		82E932731A8D9FC6005064CA /* Libro.cpp in Sources */ = {isa = PBXBuildFile; fileRef = 82E932711A8D9FC5005064CA /* Libro.cpp */; };
/* End PBXBuildFile section */

/* Begin PBXCopyFilesBuildPhase section */
		82E932641A8D9F77005064CA /* CopyFiles */ = {
			isa = PBXCopyFilesBuildPhase;
			buildActionMask = 2147483647;
			dstPath = /usr/share/man/man1/;
			dstSubfolderSpec = 0;
			files = (
			);
			runOnlyForDeploymentPostprocessing = 1;
		};
/* End PBXCopyFilesBuildPhase section */

/* Begin PBXFileReference section */
		82E932661A8D9F77005064CA /* Ejercicio3 */ = {isa = PBXFileReference; explicitFileType = "compiled.mach-o.executable"; includeInIndex = 0; path = Ejercicio3; sourceTree = BUILT_PRODUCTS_DIR; };
		82E932691A8D9F77005064CA /* main.cpp */ = {isa = PBXFileReference; lastKnownFileType = sourcecode.cpp.cpp; path = main.cpp; sourceTree = "<group>"; };
		82E932701A8D9FA5005064CA /* Ordenamiento.h */ = {isa = PBXFileReference; lastKnownFileType = sourcecode.c.h; path = Ordenamiento.h; sourceTree = "<group>"; };
		82E932711A8D9FC5005064CA /* Libro.cpp */ = {isa = PBXFileReference; fileEncoding = 4; lastKnownFileType = sourcecode.cpp.cpp; path = Libro.cpp; sourceTree = "<group>"; };
		82E932721A8D9FC6005064CA /* Libro.h */ = {isa = PBXFileReference; fileEncoding = 4; lastKnownFileType = sourcecode.c.h; path = Libro.h; sourceTree = "<group>"; };
/* End PBXFileReference section */

/* Begin PBXFrameworksBuildPhase section */
		82E932631A8D9F77005064CA /* Frameworks */ = {
			isa = PBXFrameworksBuildPhase;
			buildActionMask = 2147483647;
			files = (
			);
			runOnlyForDeploymentPostprocessing = 0;
		};
/* End PBXFrameworksBuildPhase section */

/* Begin PBXGroup section */
		82E9325D1A8D9F77005064CA = {
			isa = PBXGroup;
			children = (
				82E932681A8D9F77005064CA /* Ejercicio3 */,
				82E932671A8D9F77005064CA /* Products */,
			);
			sourceTree = "<group>";
		};
		82E932671A8D9F77005064CA /* Products */ = {
			isa = PBXGroup;
			children = (
				82E932661A8D9F77005064CA /* Ejercicio3 */,
			);
			name = Products;
			sourceTree = "<group>";
		};
		82E932681A8D9F77005064CA /* Ejercicio3 */ = {
			isa = PBXGroup;
			children = (
				82E932691A8D9F77005064CA /* main.cpp */,
				82E932701A8D9FA5005064CA /* Ordenamiento.h */,
				82E932711A8D9FC5005064CA /* Libro.cpp */,
				82E932721A8D9FC6005064CA /* Libro.h */,
			);
			path = Ejercicio3;
			sourceTree = "<group>";
		};
/* End PBXGroup section */

/* Begin PBXNativeTarget section */
		82E932651A8D9F77005064CA /* Ejercicio3 */ = {
			isa = PBXNativeTarget;
			buildConfigurationList = 82E9326D1A8D9F77005064CA /* Build configuration list for PBXNativeTarget "Ejercicio3" */;
			buildPhases = (
				82E932621A8D9F77005064CA /* Sources */,
				82E932631A8D9F77005064CA /* Frameworks */,
				82E932641A8D9F77005064CA /* CopyFiles */,
			);
			buildRules = (
			);
			dependencies = (
			);
			name = Ejercicio3;
			productName = Ejercicio3;
			productReference = 82E932661A8D9F77005064CA /* Ejercicio3 */;
			productType = "com.apple.product-type.tool";
		};
/* End PBXNativeTarget section */

/* Begin PBXProject section */
		82E9325E1A8D9F77005064CA /* Project object */ = {
			isa = PBXProject;
			attributes = {
				LastUpgradeCheck = 0610;
				ORGANIZATIONNAME = "Alejandro Herce";
				TargetAttributes = {
					82E932651A8D9F77005064CA = {
						CreatedOnToolsVersion = 6.1.1;
					};
				};
			};
			buildConfigurationList = 82E932611A8D9F77005064CA /* Build configuration list for PBXProject "Ejercicio3" */;
			compatibilityVersion = "Xcode 3.2";
			developmentRegion = English;
			hasScannedForEncodings = 0;
			knownRegions = (
				en,
			);
			mainGroup = 82E9325D1A8D9F77005064CA;
			productRefGroup = 82E932671A8D9F77005064CA /* Products */;
			projectDirPath = "";
			projectRoot = "";
			targets = (
				82E932651A8D9F77005064CA /* Ejercicio3 */,
			);
		};
/* End PBXProject section */

/* Begin PBXSourcesBuildPhase section */
		82E932621A8D9F77005064CA /* Sources */ = {
			isa = PBXSourcesBuildPhase;
			buildActionMask = 2147483647;
			files = (
				82E932731A8D9FC6005064CA /* Libro.cpp in Sources */,
				82E9326A1A8D9F77005064CA /* main.cpp in Sources */,
			);
			runOnlyForDeploymentPostprocessing = 0;
		};
/* End PBXSourcesBuildPhase section */

/* Begin XCBuildConfiguration section */
		82E9326B1A8D9F77005064CA /* Debug */ = {
			isa = XCBuildConfiguration;
			buildSettings = {
				ALWAYS_SEARCH_USER_PATHS = NO;
				CLANG_CXX_LANGUAGE_STANDARD = "gnu++0x";
				CLANG_CXX_LIBRARY = "libc++";
				CLANG_ENABLE_MODULES = YES;
				CLANG_ENABLE_OBJC_ARC = YES;
				CLANG_WARN_BOOL_CONVERSION = YES;
				CLANG_WARN_CONSTANT_CONVERSION = YES;
				CLANG_WARN_DIRECT_OBJC_ISA_USAGE = YES_ERROR;
				CLANG_WARN_EMPTY_BODY = YES;
				CLANG_WARN_ENUM_CONVERSION = YES;
				CLANG_WARN_INT_CONVERSION = YES;
				CLANG_WARN_OBJC_ROOT_CLASS = YES_ERROR;
				CLANG_WARN_UNREACHABLE_CODE = YES;
				CLANG_WARN__DUPLICATE_METHOD_MATCH = YES;
				COPY_PHASE_STRIP = NO;
				ENABLE_STRICT_OBJC_MSGSEND = YES;
				GCC_C_LANGUAGE_STANDARD = gnu99;
				GCC_DYNAMIC_NO_PIC = NO;
				GCC_OPTIMIZATION_LEVEL = 0;
				GCC_PREPROCESSOR_DEFINITIONS = (
					"DEBUG=1",
					"$(inherited)",
				);
				GCC_SYMBOLS_PRIVATE_EXTERN = NO;
				GCC_WARN_64_TO_32_BIT_CONVERSION = YES;
				GCC_WARN_ABOUT_RETURN_TYPE = YES_ERROR;
				GCC_WARN_UNDECLARED_SELECTOR = YES;
				GCC_WARN_UNINITIALIZED_AUTOS = YES_AGGRESSIVE;
				GCC_WARN_UNUSED_FUNCTION = YES;
				GCC_WARN_UNUSED_VARIABLE = YES;
				MACOSX_DEPLOYMENT_TARGET = 10.10;
				MTL_ENABLE_DEBUG_INFO = YES;
				ONLY_ACTIVE_ARCH = YES;
				SDKROOT = macosx;
			};
			name = Debug;
		};
		82E9326C1A8D9F77005064CA /* Release */ = {
			isa = XCBuildConfiguration;
			buildSettings = {
				ALWAYS_SEARCH_USER_PATHS = NO;
				CLANG_CXX_LANGUAGE_STANDARD = "gnu++0x";
				CLANG_CXX_LIBRARY = "libc++";
				CLANG_ENABLE_MODULES = YES;
				CLANG_ENABLE_OBJC_ARC = YES;
				CLANG_WARN_BOOL_CONVERSION = YES;
				CLANG_WARN_CONSTANT_CONVERSION = YES;
				CLANG_WARN_DIRECT_OBJC_ISA_USAGE = YES_ERROR;
				CLANG_WARN_EMPTY_BODY = YES;
				CLANG_WARN_ENUM_CONVERSION = YES;
				CLANG_WARN_INT_CONVERSION = YES;
				CLANG_WARN_OBJC_ROOT_CLASS = YES_ERROR;
				CLANG_WARN_UNREACHABLE_CODE = YES;
				CLANG_WARN__DUPLICATE_METHOD_MATCH = YES;
				COPY_PHASE_STRIP = YES;
				DEBUG_INFORMATION_FORMAT = "dwarf-with-dsym";
				ENABLE_NS_ASSERTIONS = NO;
				ENABLE_STRICT_OBJC_MSGSEND = YES;
				GCC_C_LANGUAGE_STANDARD = gnu99;
				GCC_WARN_64_TO_32_BIT_CONVERSION = YES;
				GCC_WARN_ABOUT_RETURN_TYPE = YES_ERROR;
				GCC_WARN_UNDECLARED_SELECTOR = YES;
				GCC_WARN_UNINITIALIZED_AUTOS = YES_AGGRESSIVE;
				GCC_WARN_UNUSED_FUNCTION = YES;
				GCC_WARN_UNUSED_VARIABLE = YES;
				MACOSX_DEPLOYMENT_TARGET = 10.10;
				MTL_ENABLE_DEBUG_INFO = NO;
				SDKROOT = macosx;
			};
			name = Release;
		};
		82E9326E1A8D9F77005064CA /* Debug */ = {
			isa = XCBuildConfiguration;
			buildSettings = {
				PRODUCT_NAME = "$(TARGET_NAME)";
			};
			name = Debug;
		};
		82E9326F1A8D9F77005064CA /* Release */ = {
			isa = XCBuildConfiguration;
			buildSettings = {
				PRODUCT_NAME = "$(TARGET_NAME)";
			};
			name = Release;
		};
/* End XCBuildConfiguration section */

/* Begin XCConfigurationList section */
		82E932611A8D9F77005064CA /* Build configuration list for PBXProject "Ejercicio3" */ = {
			isa = XCConfigurationList;
			buildConfigurations = (
				82E9326B1A8D9F77005064CA /* Debug */,
				82E9326C1A8D9F77005064CA /* Release */,
			);
			defaultConfigurationIsVisible = 0;
			defaultConfigurationName = Release;
		};
		82E9326D1A8D9F77005064CA /* Build configuration list for PBXNativeTarget "Ejercicio3" */ = {
			isa = XCConfigurationList;
			buildConfigurations = (
				82E9326E1A8D9F77005064CA /* Debug */,
				82E9326F1A8D9F77005064CA /* Release */,
			);
			defaultConfigurationIsVisible = 0;
		};
/* End XCConfigurationList section */
	};
	rootObject = 82E9325E1A8D9F77005064CA /* Project object */;
}
