// !$*UTF8*$!
{
	archiveVersion = 1;
	classes = {
	};
	objectVersion = 46;
	objects = {

/* Begin PBXBuildFile section */
		821358A61AD71129004B5ACF /* main.cpp in Sources */ = {isa = PBXBuildFile; fileRef = 821358A51AD71129004B5ACF /* main.cpp */; };
/* End PBXBuildFile section */

/* Begin PBXCopyFilesBuildPhase section */
		821358A01AD71129004B5ACF /* CopyFiles */ = {
			isa = PBXCopyFilesBuildPhase;
			buildActionMask = 2147483647;
			dstPath = /usr/share/man/man1/;
			dstSubfolderSpec = 0;
			files = (
			);
			runOnlyForDeploymentPostprocessing = 1;
		};
/* End PBXCopyFilesBuildPhase section */

/* Begin PBXFileReference section */
		821358A21AD71129004B5ACF /* Ejercicio1 */ = {isa = PBXFileReference; explicitFileType = "compiled.mach-o.executable"; includeInIndex = 0; path = Ejercicio1; sourceTree = BUILT_PRODUCTS_DIR; };
		821358A51AD71129004B5ACF /* main.cpp */ = {isa = PBXFileReference; lastKnownFileType = sourcecode.cpp.cpp; path = main.cpp; sourceTree = "<group>"; };
		821358AC1AD712FF004B5ACF /* Stack.h */ = {isa = PBXFileReference; lastKnownFileType = sourcecode.c.h; path = Stack.h; sourceTree = "<group>"; };
		821358AD1AD71314004B5ACF /* LinkedList.h */ = {isa = PBXFileReference; lastKnownFileType = sourcecode.c.h; path = LinkedList.h; sourceTree = "<group>"; };
		821358AE1AD714CD004B5ACF /* Node.h */ = {isa = PBXFileReference; lastKnownFileType = sourcecode.c.h; path = Node.h; sourceTree = "<group>"; };
/* End PBXFileReference section */

/* Begin PBXFrameworksBuildPhase section */
		8213589F1AD71129004B5ACF /* Frameworks */ = {
			isa = PBXFrameworksBuildPhase;
			buildActionMask = 2147483647;
			files = (
			);
			runOnlyForDeploymentPostprocessing = 0;
		};
/* End PBXFrameworksBuildPhase section */

/* Begin PBXGroup section */
		821358991AD71129004B5ACF = {
			isa = PBXGroup;
			children = (
				821358A41AD71129004B5ACF /* Ejercicio1 */,
				821358A31AD71129004B5ACF /* Products */,
			);
			sourceTree = "<group>";
		};
		821358A31AD71129004B5ACF /* Products */ = {
			isa = PBXGroup;
			children = (
				821358A21AD71129004B5ACF /* Ejercicio1 */,
			);
			name = Products;
			sourceTree = "<group>";
		};
		821358A41AD71129004B5ACF /* Ejercicio1 */ = {
			isa = PBXGroup;
			children = (
				821358A51AD71129004B5ACF /* main.cpp */,
				821358AE1AD714CD004B5ACF /* Node.h */,
				821358AC1AD712FF004B5ACF /* Stack.h */,
				821358AD1AD71314004B5ACF /* LinkedList.h */,
			);
			path = Ejercicio1;
			sourceTree = "<group>";
		};
/* End PBXGroup section */

/* Begin PBXNativeTarget section */
		821358A11AD71129004B5ACF /* Ejercicio1 */ = {
			isa = PBXNativeTarget;
			buildConfigurationList = 821358A91AD71129004B5ACF /* Build configuration list for PBXNativeTarget "Ejercicio1" */;
			buildPhases = (
				8213589E1AD71129004B5ACF /* Sources */,
				8213589F1AD71129004B5ACF /* Frameworks */,
				821358A01AD71129004B5ACF /* CopyFiles */,
			);
			buildRules = (
			);
			dependencies = (
			);
			name = Ejercicio1;
			productName = Ejercicio1;
			productReference = 821358A21AD71129004B5ACF /* Ejercicio1 */;
			productType = "com.apple.product-type.tool";
		};
/* End PBXNativeTarget section */

/* Begin PBXProject section */
		8213589A1AD71129004B5ACF /* Project object */ = {
			isa = PBXProject;
			attributes = {
				LastUpgradeCheck = 0620;
				ORGANIZATIONNAME = "Alejandro Herce";
				TargetAttributes = {
					821358A11AD71129004B5ACF = {
						CreatedOnToolsVersion = 6.2;
					};
				};
			};
			buildConfigurationList = 8213589D1AD71129004B5ACF /* Build configuration list for PBXProject "Ejercicio1" */;
			compatibilityVersion = "Xcode 3.2";
			developmentRegion = English;
			hasScannedForEncodings = 0;
			knownRegions = (
				en,
			);
			mainGroup = 821358991AD71129004B5ACF;
			productRefGroup = 821358A31AD71129004B5ACF /* Products */;
			projectDirPath = "";
			projectRoot = "";
			targets = (
				821358A11AD71129004B5ACF /* Ejercicio1 */,
			);
		};
/* End PBXProject section */

/* Begin PBXSourcesBuildPhase section */
		8213589E1AD71129004B5ACF /* Sources */ = {
			isa = PBXSourcesBuildPhase;
			buildActionMask = 2147483647;
			files = (
				821358A61AD71129004B5ACF /* main.cpp in Sources */,
			);
			runOnlyForDeploymentPostprocessing = 0;
		};
/* End PBXSourcesBuildPhase section */

/* Begin XCBuildConfiguration section */
		821358A71AD71129004B5ACF /* Debug */ = {
			isa = XCBuildConfiguration;
			buildSettings = {
				ALWAYS_SEARCH_USER_PATHS = NO;
				CLANG_CXX_LANGUAGE_STANDARD = "gnu++0x";
				CLANG_CXX_LIBRARY = "libc++";
				CLANG_ENABLE_MODULES = YES;
				CLANG_ENABLE_OBJC_ARC = YES;
				CLANG_WARN_BOOL_CONVERSION = YES;
				CLANG_WARN_CONSTANT_CONVERSION = YES;
				CLANG_WARN_DIRECT_OBJC_ISA_USAGE = YES_ERROR;
				CLANG_WARN_EMPTY_BODY = YES;
				CLANG_WARN_ENUM_CONVERSION = YES;
				CLANG_WARN_INT_CONVERSION = YES;
				CLANG_WARN_OBJC_ROOT_CLASS = YES_ERROR;
				CLANG_WARN_UNREACHABLE_CODE = YES;
				CLANG_WARN__DUPLICATE_METHOD_MATCH = YES;
				COPY_PHASE_STRIP = NO;
				ENABLE_STRICT_OBJC_MSGSEND = YES;
				GCC_C_LANGUAGE_STANDARD = gnu99;
				GCC_DYNAMIC_NO_PIC = NO;
				GCC_OPTIMIZATION_LEVEL = 0;
				GCC_PREPROCESSOR_DEFINITIONS = (
					"DEBUG=1",
					"$(inherited)",
				);
				GCC_SYMBOLS_PRIVATE_EXTERN = NO;
				GCC_WARN_64_TO_32_BIT_CONVERSION = YES;
				GCC_WARN_ABOUT_RETURN_TYPE = YES_ERROR;
				GCC_WARN_UNDECLARED_SELECTOR = YES;
				GCC_WARN_UNINITIALIZED_AUTOS = YES_AGGRESSIVE;
				GCC_WARN_UNUSED_FUNCTION = YES;
				GCC_WARN_UNUSED_VARIABLE = YES;
				MACOSX_DEPLOYMENT_TARGET = 10.10;
				MTL_ENABLE_DEBUG_INFO = YES;
				ONLY_ACTIVE_ARCH = YES;
				SDKROOT = macosx;
			};
			name = Debug;
		};
		821358A81AD71129004B5ACF /* Release */ = {
			isa = XCBuildConfiguration;
			buildSettings = {
				ALWAYS_SEARCH_USER_PATHS = NO;
				CLANG_CXX_LANGUAGE_STANDARD = "gnu++0x";
				CLANG_CXX_LIBRARY = "libc++";
				CLANG_ENABLE_MODULES = YES;
				CLANG_ENABLE_OBJC_ARC = YES;
				CLANG_WARN_BOOL_CONVERSION = YES;
				CLANG_WARN_CONSTANT_CONVERSION = YES;
				CLANG_WARN_DIRECT_OBJC_ISA_USAGE = YES_ERROR;
				CLANG_WARN_EMPTY_BODY = YES;
				CLANG_WARN_ENUM_CONVERSION = YES;
				CLANG_WARN_INT_CONVERSION = YES;
				CLANG_WARN_OBJC_ROOT_CLASS = YES_ERROR;
				CLANG_WARN_UNREACHABLE_CODE = YES;
				CLANG_WARN__DUPLICATE_METHOD_MATCH = YES;
				COPY_PHASE_STRIP = NO;
				DEBUG_INFORMATION_FORMAT = "dwarf-with-dsym";
				ENABLE_NS_ASSERTIONS = NO;
				ENABLE_STRICT_OBJC_MSGSEND = YES;
				GCC_C_LANGUAGE_STANDARD = gnu99;
				GCC_WARN_64_TO_32_BIT_CONVERSION = YES;
				GCC_WARN_ABOUT_RETURN_TYPE = YES_ERROR;
				GCC_WARN_UNDECLARED_SELECTOR = YES;
				GCC_WARN_UNINITIALIZED_AUTOS = YES_AGGRESSIVE;
				GCC_WARN_UNUSED_FUNCTION = YES;
				GCC_WARN_UNUSED_VARIABLE = YES;
				MACOSX_DEPLOYMENT_TARGET = 10.10;
				MTL_ENABLE_DEBUG_INFO = NO;
				SDKROOT = macosx;
			};
			name = Release;
		};
		821358AA1AD71129004B5ACF /* Debug */ = {
			isa = XCBuildConfiguration;
			buildSettings = {
				PRODUCT_NAME = "$(TARGET_NAME)";
			};
			name = Debug;
		};
		821358AB1AD71129004B5ACF /* Release */ = {
			isa = XCBuildConfiguration;
			buildSettings = {
				PRODUCT_NAME = "$(TARGET_NAME)";
			};
			name = Release;
		};
/* End XCBuildConfiguration section */

/* Begin XCConfigurationList section */
		8213589D1AD71129004B5ACF /* Build configuration list for PBXProject "Ejercicio1" */ = {
			isa = XCConfigurationList;
			buildConfigurations = (
				821358A71AD71129004B5ACF /* Debug */,
				821358A81AD71129004B5ACF /* Release */,
			);
			defaultConfigurationIsVisible = 0;
			defaultConfigurationName = Release;
		};
		821358A91AD71129004B5ACF /* Build configuration list for PBXNativeTarget "Ejercicio1" */ = {
			isa = XCConfigurationList;
			buildConfigurations = (
				821358AA1AD71129004B5ACF /* Debug */,
				821358AB1AD71129004B5ACF /* Release */,
			);
			defaultConfigurationIsVisible = 0;
		};
/* End XCConfigurationList section */
	};
	rootObject = 8213589A1AD71129004B5ACF /* Project object */;
}
